{
    "_readme": [
        "This file locks the dependencies of your project to a known state",
        "Read more about it at https://getcomposer.org/doc/01-basic-usage.md#installing-dependencies",
        "This file is @generated automatically"
    ],
    "content-hash": "dd4d49fc5c23a6b83e30f27065847cb0",
    "packages": [
        {
            "name": "openboleto/openboleto",
            "version": "v1.0",
            "source": {
                "type": "git",
                "url": "https://github.com/openboleto/openboleto.git",
                "reference": "ae70c2502b12cfbdad28377cddd8014031de76ce"
            },
            "dist": {
                "type": "zip",
                "url": "https://api.github.com/repos/openboleto/openboleto/zipball/ae70c2502b12cfbdad28377cddd8014031de76ce",
                "reference": "ae70c2502b12cfbdad28377cddd8014031de76ce",
                "shasum": ""
            },
            "require": {
                "php": ">=5.3.0"
            },
            "type": "library",
            "autoload": {
                "psr-0": {
                    "OpenBoleto\\": "src/"
                }
            },
            "notification-url": "https://packagist.org/downloads/",
            "license": [
                "MIT"
            ],
            "authors": [
                {
                    "name": "Daniel Garajau",
                    "email": "kriansa@facebook.com"
                }
            ],
            "description": "Biblioteca para geração de boletos bancários.",
            "homepage": "http://github.com/kriansa/openboleto",
            "keywords": [
                "boleto",
                "boleto bancario"
            ],
            "support": {
                "issues": "https://github.com/openboleto/openboleto/issues",
                "source": "https://github.com/openboleto/openboleto/tree/v1.0"
            },
            "time": "2013-08-04T20:53:31+00:00"
        }
    ],
    "packages-dev": [],
    "aliases": [],
    "minimum-stability": "stable",
    "stability-flags": [],
    "prefer-stable": false,
    "prefer-lowest": false,
    "platform": [],
    "platform-dev": [],
    "plugin-api-version": "2.6.0"
}
