
Microsoft Visual Studio Solution File, Format Version 12.00
# Visual Studio Version 16
VisualStudioVersion = 16.0.33027.164
MinimumVisualStudioVersion = 10.0.40219.1
Project("{FAE04EC0-301F-11D3-BF4B-00C04F79EFBC}") = "Aula9Ex1", "Aula9Ex1.csproj", "{6408130F-E5A2-450D-B530-D9A792233B48}"
EndProject
Global
	GlobalSection(SolutionConfigurationPlatforms) = preSolution
		Debug|Any CPU = Debug|Any CPU
		Release|Any CPU = Release|Any CPU
	EndGlobalSection
	GlobalSection(ProjectConfigurationPlatforms) = postSolution
		{6408130F-E5A2-450D-B530-D9A792233B48}.Debug|Any CPU.ActiveCfg = Debug|Any CPU
		{6408130F-E5A2-450D-B530-D9A792233B48}.Debug|Any CPU.Build.0 = Debug|Any CPU
		{6408130F-E5A2-450D-B530-D9A792233B48}.Release|Any CPU.ActiveCfg = Release|Any CPU
		{6408130F-E5A2-450D-B530-D9A792233B48}.Release|Any CPU.Build.0 = Release|Any CPU
	EndGlobalSection
	GlobalSection(SolutionProperties) = preSolution
		HideSolutionNode = FALSE
	EndGlobalSection
	GlobalSection(ExtensibilityGlobals) = postSolution
		SolutionGuid = {B7417779-FBF5-45E3-B612-4639C5782477}
	EndGlobalSection
EndGlobal
