
Microsoft Visual Studio Solution File, Format Version 12.00
# Visual Studio Version 16
VisualStudioVersion = 16.0.33027.164
MinimumVisualStudioVersion = 10.0.40219.1
Project("{FAE04EC0-301F-11D3-BF4B-00C04F79EFBC}") = "cl202227", "cl202227\cl202227.csproj", "{3C2A04E1-1037-4B8E-8275-1F0BE5B930BF}"
EndProject
Global
	GlobalSection(SolutionConfigurationPlatforms) = preSolution
		Debug|Any CPU = Debug|Any CPU
		Release|Any CPU = Release|Any CPU
	EndGlobalSection
	GlobalSection(ProjectConfigurationPlatforms) = postSolution
		{3C2A04E1-1037-4B8E-8275-1F0BE5B930BF}.Debug|Any CPU.ActiveCfg = Debug|Any CPU
		{3C2A04E1-1037-4B8E-8275-1F0BE5B930BF}.Debug|Any CPU.Build.0 = Debug|Any CPU
		{3C2A04E1-1037-4B8E-8275-1F0BE5B930BF}.Release|Any CPU.ActiveCfg = Release|Any CPU
		{3C2A04E1-1037-4B8E-8275-1F0BE5B930BF}.Release|Any CPU.Build.0 = Release|Any CPU
	EndGlobalSection
	GlobalSection(SolutionProperties) = preSolution
		HideSolutionNode = FALSE
	EndGlobalSection
	GlobalSection(ExtensibilityGlobals) = postSolution
		SolutionGuid = {99E5F741-EA3B-40DE-A6AD-49E1562E3E9B}
	EndGlobalSection
EndGlobal
