
Microsoft Visual Studio Solution File, Format Version 12.00
# Visual Studio Version 16
VisualStudioVersion = 16.0.33027.164
MinimumVisualStudioVersion = 10.0.40219.1
Project("{FAE04EC0-301F-11D3-BF4B-00C04F79EFBC}") = "Aula3Exer3", "Aula3Exer3.csproj", "{03BBF74E-DF31-40DC-B02F-C3B7E49F9A7C}"
EndProject
Global
	GlobalSection(SolutionConfigurationPlatforms) = preSolution
		Debug|Any CPU = Debug|Any CPU
		Release|Any CPU = Release|Any CPU
	EndGlobalSection
	GlobalSection(ProjectConfigurationPlatforms) = postSolution
		{03BBF74E-DF31-40DC-B02F-C3B7E49F9A7C}.Debug|Any CPU.ActiveCfg = Debug|Any CPU
		{03BBF74E-DF31-40DC-B02F-C3B7E49F9A7C}.Debug|Any CPU.Build.0 = Debug|Any CPU
		{03BBF74E-DF31-40DC-B02F-C3B7E49F9A7C}.Release|Any CPU.ActiveCfg = Release|Any CPU
		{03BBF74E-DF31-40DC-B02F-C3B7E49F9A7C}.Release|Any CPU.Build.0 = Release|Any CPU
	EndGlobalSection
	GlobalSection(SolutionProperties) = preSolution
		HideSolutionNode = FALSE
	EndGlobalSection
	GlobalSection(ExtensibilityGlobals) = postSolution
		SolutionGuid = {E1EA1B14-3EF5-4060-8D1E-41FF91C3EE40}
	EndGlobalSection
EndGlobal
