
Microsoft Visual Studio Solution File, Format Version 12.00
# Visual Studio Version 16
VisualStudioVersion = 16.0.33027.164
MinimumVisualStudioVersion = 10.0.40219.1
Project("{FAE04EC0-301F-11D3-BF4B-00C04F79EFBC}") = "Aula4Exem3", "Aula4Exem3.csproj", "{3379D77B-FA2E-401C-ADAB-13BEF9E2685A}"
EndProject
Global
	GlobalSection(SolutionConfigurationPlatforms) = preSolution
		Debug|Any CPU = Debug|Any CPU
		Release|Any CPU = Release|Any CPU
	EndGlobalSection
	GlobalSection(ProjectConfigurationPlatforms) = postSolution
		{3379D77B-FA2E-401C-ADAB-13BEF9E2685A}.Debug|Any CPU.ActiveCfg = Debug|Any CPU
		{3379D77B-FA2E-401C-ADAB-13BEF9E2685A}.Debug|Any CPU.Build.0 = Debug|Any CPU
		{3379D77B-FA2E-401C-ADAB-13BEF9E2685A}.Release|Any CPU.ActiveCfg = Release|Any CPU
		{3379D77B-FA2E-401C-ADAB-13BEF9E2685A}.Release|Any CPU.Build.0 = Release|Any CPU
	EndGlobalSection
	GlobalSection(SolutionProperties) = preSolution
		HideSolutionNode = FALSE
	EndGlobalSection
	GlobalSection(ExtensibilityGlobals) = postSolution
		SolutionGuid = {0DED4C7A-DB9D-4235-8C3B-B83C238D277F}
	EndGlobalSection
EndGlobal
