
Microsoft Visual Studio Solution File, Format Version 12.00
# Visual Studio Version 16
VisualStudioVersion = 16.0.33027.164
MinimumVisualStudioVersion = 10.0.40219.1
Project("{FAE04EC0-301F-11D3-BF4B-00C04F79EFBC}") = "Estudio", "Estudio.csproj", "{BB1B8ED1-52D3-45D8-863A-384D38C5C27F}"
EndProject
Global
	GlobalSection(SolutionConfigurationPlatforms) = preSolution
		Debug|Any CPU = Debug|Any CPU
		Release|Any CPU = Release|Any CPU
	EndGlobalSection
	GlobalSection(ProjectConfigurationPlatforms) = postSolution
		{BB1B8ED1-52D3-45D8-863A-384D38C5C27F}.Debug|Any CPU.ActiveCfg = Debug|Any CPU
		{BB1B8ED1-52D3-45D8-863A-384D38C5C27F}.Debug|Any CPU.Build.0 = Debug|Any CPU
		{BB1B8ED1-52D3-45D8-863A-384D38C5C27F}.Release|Any CPU.ActiveCfg = Release|Any CPU
		{BB1B8ED1-52D3-45D8-863A-384D38C5C27F}.Release|Any CPU.Build.0 = Release|Any CPU
	EndGlobalSection
	GlobalSection(SolutionProperties) = preSolution
		HideSolutionNode = FALSE
	EndGlobalSection
	GlobalSection(ExtensibilityGlobals) = postSolution
		SolutionGuid = {E2023D11-8AFF-4828-90A0-F3B02FCB89C7}
	EndGlobalSection
EndGlobal
